
Microsoft Visual Studio Solution File, Format Version 12.00
# Visual Studio Version 16
VisualStudioVersion = 16.0.30804.86
MinimumVisualStudioVersion = 10.0.40219.1
Project("{FAE04EC0-301F-11D3-BF4B-00C04F79EFBC}") = "GameContextAPI", "GameContextAPI\GameContextAPI.csproj", "{B86E93B6-AA98-49BC-9990-023789840CAE}"
EndProject
Global
	GlobalSection(SolutionConfigurationPlatforms) = preSolution
		Debug|Any CPU = Debug|Any CPU
		Release|Any CPU = Release|Any CPU
	EndGlobalSection
	GlobalSection(ProjectConfigurationPlatforms) = postSolution
		{B86E93B6-AA98-49BC-9990-023789840CAE}.Debug|Any CPU.ActiveCfg = Debug|Any CPU
		{B86E93B6-AA98-49BC-9990-023789840CAE}.Debug|Any CPU.Build.0 = Debug|Any CPU
		{B86E93B6-AA98-49BC-9990-023789840CAE}.Release|Any CPU.ActiveCfg = Release|Any CPU
		{B86E93B6-AA98-49BC-9990-023789840CAE}.Release|Any CPU.Build.0 = Release|Any CPU
	EndGlobalSection
	GlobalSection(SolutionProperties) = preSolution
		HideSolutionNode = FALSE
	EndGlobalSection
	GlobalSection(ExtensibilityGlobals) = postSolution
		SolutionGuid = {8F91CDF9-2A6F-40C1-8842-C54A81C2BC7B}
	EndGlobalSection
EndGlobal
